
Microsoft Visual Studio Solution File, Format Version 12.00
# Visual Studio Version 16
VisualStudioVersion = 16.0.29025.244
MinimumVisualStudioVersion = 10.0.40219.1
Project("{FAE04EC0-301F-11D3-BF4B-00C04F79EFBC}") = "MatchingGame", "MatchingGame.csproj", "{407C9084-33BC-4A0E-950F-F2704D86F907}"
EndProject
Project("{FAE04EC0-301F-11D3-BF4B-00C04F79EFBC}") = "MatchingGameTests", "..\MatchingGameTests\MatchingGameTests.csproj", "{BD275A1A-92C2-4B6E-B766-DAC1B5662471}"
EndProject
Global
	GlobalSection(SolutionConfigurationPlatforms) = preSolution
		Debug|Any CPU = Debug|Any CPU
		Release|Any CPU = Release|Any CPU
	EndGlobalSection
	GlobalSection(ProjectConfigurationPlatforms) = postSolution
		{407C9084-33BC-4A0E-950F-F2704D86F907}.Debug|Any CPU.ActiveCfg = Debug|Any CPU
		{407C9084-33BC-4A0E-950F-F2704D86F907}.Debug|Any CPU.Build.0 = Debug|Any CPU
		{407C9084-33BC-4A0E-950F-F2704D86F907}.Release|Any CPU.ActiveCfg = Release|Any CPU
		{407C9084-33BC-4A0E-950F-F2704D86F907}.Release|Any CPU.Build.0 = Release|Any CPU
		{BD275A1A-92C2-4B6E-B766-DAC1B5662471}.Debug|Any CPU.ActiveCfg = Debug|Any CPU
		{BD275A1A-92C2-4B6E-B766-DAC1B5662471}.Debug|Any CPU.Build.0 = Debug|Any CPU
		{BD275A1A-92C2-4B6E-B766-DAC1B5662471}.Release|Any CPU.ActiveCfg = Release|Any CPU
		{BD275A1A-92C2-4B6E-B766-DAC1B5662471}.Release|Any CPU.Build.0 = Release|Any CPU
	EndGlobalSection
	GlobalSection(SolutionProperties) = preSolution
		HideSolutionNode = FALSE
	EndGlobalSection
	GlobalSection(ExtensibilityGlobals) = postSolution
		SolutionGuid = {2898EFAB-E530-4599-AAA5-35E36E7149EE}
	EndGlobalSection
EndGlobal
